Microsoft Visual Studio Solution File, Format Version 12.00
# Visual Studio Version 16
VisualStudioVersion = 16.0.30717.126
MinimumVisualStudioVersion = 10.0.40219.1
Project("{8BC9CEB8-8B4A-11D0-8D11-00A0C91BC942}") = "SoTMenu", "SoTMenu.vcxproj", "{AA556AC8-55E7-46C4-B59E-A7A781A4710A}"
EndProject
Project("{8BC9CEB8-8B4A-11D0-8D11-00A0C91BC942}") = "SotMenuLog", "SotMenuLog\SotMenuLog.vcxproj", "{61B10258-232B-4595-A1B2-B7727728FEB8}"
EndProject
Project("{FAE04EC0-301F-11D3-BF4B-00C04F79EFBC}") = "SoTMLauncher", "SoTMLauncher\SoTMLauncher.csproj", "{299BA644-55FE-498B-9F3C-94BE638C2056}"
EndProject
Global
	GlobalSection(SolutionConfigurationPlatforms) = preSolution
		Debug|Any CPU = Debug|Any CPU
		Debug|x64 = Debug|x64
		Debug|x86 = Debug|x86
		Release|Any CPU = Release|Any CPU
		Release|x64 = Release|x64
		Release|x86 = Release|x86
	EndGlobalSection
	GlobalSection(ProjectConfigurationPlatforms) = postSolution
		{AA556AC8-55E7-46C4-B59E-A7A781A4710A}.Debug|Any CPU.ActiveCfg = Debug|x64
		{AA556AC8-55E7-46C4-B59E-A7A781A4710A}.Debug|x64.ActiveCfg = Debug|x64
		{AA556AC8-55E7-46C4-B59E-A7A781A4710A}.Debug|x64.Build.0 = Debug|x64
		{AA556AC8-55E7-46C4-B59E-A7A781A4710A}.Debug|x86.ActiveCfg = Debug|x64
		{AA556AC8-55E7-46C4-B59E-A7A781A4710A}.Release|Any CPU.ActiveCfg = Release|x64
		{AA556AC8-55E7-46C4-B59E-A7A781A4710A}.Release|x64.ActiveCfg = Release|x64
		{AA556AC8-55E7-46C4-B59E-A7A781A4710A}.Release|x64.Build.0 = Release|x64
		{AA556AC8-55E7-46C4-B59E-A7A781A4710A}.Release|x86.ActiveCfg = Release|x64
		{61B10258-232B-4595-A1B2-B7727728FEB8}.Debug|Any CPU.ActiveCfg = Debug|Win32
		{61B10258-232B-4595-A1B2-B7727728FEB8}.Debug|x64.ActiveCfg = Debug|x64
		{61B10258-232B-4595-A1B2-B7727728FEB8}.Debug|x64.Build.0 = Debug|x64
		{61B10258-232B-4595-A1B2-B7727728FEB8}.Debug|x86.ActiveCfg = Debug|Win32
		{61B10258-232B-4595-A1B2-B7727728FEB8}.Debug|x86.Build.0 = Debug|Win32
		{61B10258-232B-4595-A1B2-B7727728FEB8}.Release|Any CPU.ActiveCfg = Release|Win32
		{61B10258-232B-4595-A1B2-B7727728FEB8}.Release|x64.ActiveCfg = Release|x64
		{61B10258-232B-4595-A1B2-B7727728FEB8}.Release|x64.Build.0 = Release|x64
		{61B10258-232B-4595-A1B2-B7727728FEB8}.Release|x86.ActiveCfg = Release|Win32
		{61B10258-232B-4595-A1B2-B7727728FEB8}.Release|x86.Build.0 = Release|Win32
		{299BA644-55FE-498B-9F3C-94BE638C2056}.Debug|Any CPU.ActiveCfg = Debug|Any CPU
		{299BA644-55FE-498B-9F3C-94BE638C2056}.Debug|Any CPU.Build.0 = Debug|Any CPU
		{299BA644-55FE-498B-9F3C-94BE638C2056}.Debug|x64.ActiveCfg = Debug|Any CPU
		{299BA644-55FE-498B-9F3C-94BE638C2056}.Debug|x64.Build.0 = Debug|Any CPU
		{299BA644-55FE-498B-9F3C-94BE638C2056}.Debug|x86.ActiveCfg = Debug|Any CPU
		{299BA644-55FE-498B-9F3C-94BE638C2056}.Debug|x86.Build.0 = Debug|Any CPU
		{299BA644-55FE-498B-9F3C-94BE638C2056}.Release|Any CPU.ActiveCfg = Release|Any CPU
		{299BA644-55FE-498B-9F3C-94BE638C2056}.Release|Any CPU.Build.0 = Release|Any CPU
		{299BA644-55FE-498B-9F3C-94BE638C2056}.Release|x64.ActiveCfg = Release|Any CPU
		{299BA644-55FE-498B-9F3C-94BE638C2056}.Release|x64.Build.0 = Release|Any CPU
		{299BA644-55FE-498B-9F3C-94BE638C2056}.Release|x86.ActiveCfg = Release|Any CPU
		{299BA644-55FE-498B-9F3C-94BE638C2056}.Release|x86.Build.0 = Release|Any CPU
	EndGlobalSection
	GlobalSection(SolutionProperties) = preSolution
		HideSolutionNode = FALSE
	EndGlobalSection
	GlobalSection(ExtensibilityGlobals) = postSolution
		SolutionGuid = {0439c985-2727-4d28-a7a5-44725d0e5784}
	EndGlobalSection
EndGlobal
